
Microsoft Visual Studio Solution File, Format Version 11.00
# Visual Studio 2010
# SharpDevelop 5.1
Project("{FAE04EC0-301F-11D3-BF4B-00C04F79EFBC}") = "Rumah Sakit", "Rumah Sakit.csproj", "{180FCF62-5801-494B-9698-C24781C6E372}"
EndProject
Global
	GlobalSection(SolutionConfigurationPlatforms) = preSolution
		Debug|Any CPU = Debug|Any CPU
		Release|Any CPU = Release|Any CPU
	EndGlobalSection
	GlobalSection(ProjectConfigurationPlatforms) = postSolution
		{180FCF62-5801-494B-9698-C24781C6E372}.Debug|Any CPU.ActiveCfg = Debug|Any CPU
		{180FCF62-5801-494B-9698-C24781C6E372}.Debug|Any CPU.Build.0 = Debug|Any CPU
		{180FCF62-5801-494B-9698-C24781C6E372}.Release|Any CPU.ActiveCfg = Release|Any CPU
		{180FCF62-5801-494B-9698-C24781C6E372}.Release|Any CPU.Build.0 = Release|Any CPU
	EndGlobalSection
EndGlobal
